<Solution>
  <Configurations>
    <BuildType Name="Debug" />
    <BuildType Name="Release" />
    <BuildType Name="Verify" />
  </Configurations>
  <Folder Name="/core/">
    <Project Path="src/AutoFixture.SeedExtensions/AutoFixture.SeedExtensions.csproj" />
    <Project Path="src/AutoFixture/AutoFixture.csproj" />
    <Project Path="src/Idioms/Idioms.csproj" />
  </Folder>
  <Folder Name="/integrations/">
    <Project Path="src/AutoFakeItEasy/AutoFakeItEasy.csproj" />
    <Project Path="src/AutoFixture.NUnit4/AutoFixture.NUnit4.csproj" />
    <Project Path="src/AutoFixture.xUnit3/AutoFixture.xUnit3.csproj" />
    <Project Path="src/AutoMoq/AutoMoq.csproj" />
    <Project Path="src/AutoNSubstitute/AutoNSubstitute.csproj" />
  </Folder>
  <Folder Name="/Solution Items/">
    <File Path=".editorconfig" />
    <File Path=".gitattributes" />
    <File Path=".gitignore" />
    <File Path="CODE_OF_CONDUCT.md" />
    <File Path="CONTRIBUTING.md" />
    <File Path="LICENCE.txt" />
    <File Path="README.md" />
    <File Path="src/src.stylecop.globalconfig" />
    <File Path="tests/tests.stylecop.globalconfig" />
  </Folder>
  <Folder Name="/tests/">
    <Project Path="tests/AutoFakeItEasyUnitTest/AutoFakeItEasyUnitTest.csproj" />
    <Project Path="tests/AutoFixture.NUnit4.UnitTest/AutoFixture.NUnit4.UnitTest.csproj" />
    <Project Path="tests/AutoFixture.SeedExtensions.UnitTest/AutoFixture.SeedExtensions.UnitTest.csproj" />
    <Project Path="tests/AutoFixture.xUnit3.UnitTest/AutoFixture.xUnit3.UnitTest.csproj" />
    <Project Path="tests/AutoFixtureDocumentationTest/AutoFixtureDocumentationTest.csproj" />
    <Project Path="tests/AutoFixtureUnitTest/AutoFixtureUnitTest.csproj" />
    <Project Path="tests/AutoMoqUnitTest/AutoMoqUnitTest.csproj" />
    <Project Path="tests/AutoNSubstitute.UnitTest.v6/AutoNSubstitute.UnitTest.v6.csproj" />
    <Project Path="tests/AutoNSubstituteUnitTest/AutoNSubstituteUnitTest.csproj" />
    <Project Path="tests/IdiomsUnitTest/IdiomsUnitTest.csproj" />
    <Project Path="tests/TestTypeFoundation/TestTypeFoundation.csproj" />
  </Folder>
  <Project Path="build/_build.csproj">
    <Build Project="false" />
  </Project>
</Solution>
