
Microsoft Visual Studio Solution File, Format Version 12.00
# Visual Studio 15
VisualStudioVersion = 15.0.26730.15
MinimumVisualStudioVersion = 10.0.40219.1
Project("{9A19103F-16F7-4668-BE54-9A1E7A4F7556}") = "AutoFixture", "AutoFixture\AutoFixture.csproj", "{400AC174-9A4A-4C7D-815B-F2A21130A0D1}"
EndProject
Project("{9A19103F-16F7-4668-BE54-9A1E7A4F7556}") = "AutoFixtureUnitTest", "AutoFixtureUnitTest\AutoFixtureUnitTest.csproj", "{01C86B79-C79F-4EC4-B32E-DA5467DBBD31}"
EndProject
Project("{9A19103F-16F7-4668-BE54-9A1E7A4F7556}") = "AutoFixture.NUnit3", "AutoFixture.NUnit3\AutoFixture.NUnit3.csproj", "{6539DC8B-7829-478E-A601-7625B0C814E1}"
EndProject
Project("{9A19103F-16F7-4668-BE54-9A1E7A4F7556}") = "AutoFixture.NUnit3.UnitTest", "AutoFixture.NUnit3.UnitTest\AutoFixture.NUnit3.UnitTest.csproj", "{1E512431-ADC0-4218-873E-E4DF40C97268}"
EndProject
Project("{9A19103F-16F7-4668-BE54-9A1E7A4F7556}") = "TestTypeFoundation", "TestTypeFoundation\TestTypeFoundation.csproj", "{7FF65787-F462-4204-BB9D-60B0D1BB6CC1}"
EndProject
Global
	GlobalSection(SolutionConfigurationPlatforms) = preSolution
		Debug|Any CPU = Debug|Any CPU
		Release|Any CPU = Release|Any CPU
		Verify|Any CPU = Verify|Any CPU
	EndGlobalSection
	GlobalSection(ProjectConfigurationPlatforms) = postSolution
		{400AC174-9A4A-4C7D-815B-F2A21130A0D1}.Debug|Any CPU.ActiveCfg = Debug|Any CPU
		{400AC174-9A4A-4C7D-815B-F2A21130A0D1}.Debug|Any CPU.Build.0 = Debug|Any CPU
		{400AC174-9A4A-4C7D-815B-F2A21130A0D1}.Release|Any CPU.ActiveCfg = Release|Any CPU
		{400AC174-9A4A-4C7D-815B-F2A21130A0D1}.Release|Any CPU.Build.0 = Release|Any CPU
		{400AC174-9A4A-4C7D-815B-F2A21130A0D1}.Verify|Any CPU.ActiveCfg = Verify|Any CPU
		{400AC174-9A4A-4C7D-815B-F2A21130A0D1}.Verify|Any CPU.Build.0 = Verify|Any CPU
		{01C86B79-C79F-4EC4-B32E-DA5467DBBD31}.Debug|Any CPU.ActiveCfg = Debug|Any CPU
		{01C86B79-C79F-4EC4-B32E-DA5467DBBD31}.Debug|Any CPU.Build.0 = Debug|Any CPU
		{01C86B79-C79F-4EC4-B32E-DA5467DBBD31}.Release|Any CPU.ActiveCfg = Release|Any CPU
		{01C86B79-C79F-4EC4-B32E-DA5467DBBD31}.Release|Any CPU.Build.0 = Release|Any CPU
		{01C86B79-C79F-4EC4-B32E-DA5467DBBD31}.Verify|Any CPU.ActiveCfg = Verify|Any CPU
		{01C86B79-C79F-4EC4-B32E-DA5467DBBD31}.Verify|Any CPU.Build.0 = Verify|Any CPU
		{6539DC8B-7829-478E-A601-7625B0C814E1}.Debug|Any CPU.ActiveCfg = Debug|Any CPU
		{6539DC8B-7829-478E-A601-7625B0C814E1}.Debug|Any CPU.Build.0 = Debug|Any CPU
		{6539DC8B-7829-478E-A601-7625B0C814E1}.Release|Any CPU.ActiveCfg = Release|Any CPU
		{6539DC8B-7829-478E-A601-7625B0C814E1}.Release|Any CPU.Build.0 = Release|Any CPU
		{6539DC8B-7829-478E-A601-7625B0C814E1}.Verify|Any CPU.ActiveCfg = Verify|Any CPU
		{6539DC8B-7829-478E-A601-7625B0C814E1}.Verify|Any CPU.Build.0 = Verify|Any CPU
		{1E512431-ADC0-4218-873E-E4DF40C97268}.Debug|Any CPU.ActiveCfg = Debug|Any CPU
		{1E512431-ADC0-4218-873E-E4DF40C97268}.Debug|Any CPU.Build.0 = Debug|Any CPU
		{1E512431-ADC0-4218-873E-E4DF40C97268}.Release|Any CPU.ActiveCfg = Release|Any CPU
		{1E512431-ADC0-4218-873E-E4DF40C97268}.Release|Any CPU.Build.0 = Release|Any CPU
		{1E512431-ADC0-4218-873E-E4DF40C97268}.Verify|Any CPU.ActiveCfg = Verify|Any CPU
		{1E512431-ADC0-4218-873E-E4DF40C97268}.Verify|Any CPU.Build.0 = Verify|Any CPU
		{7FF65787-F462-4204-BB9D-60B0D1BB6CC1}.Debug|Any CPU.ActiveCfg = Debug|Any CPU
		{7FF65787-F462-4204-BB9D-60B0D1BB6CC1}.Debug|Any CPU.Build.0 = Debug|Any CPU
		{7FF65787-F462-4204-BB9D-60B0D1BB6CC1}.Release|Any CPU.ActiveCfg = Release|Any CPU
		{7FF65787-F462-4204-BB9D-60B0D1BB6CC1}.Release|Any CPU.Build.0 = Release|Any CPU
		{7FF65787-F462-4204-BB9D-60B0D1BB6CC1}.Verify|Any CPU.ActiveCfg = Verify|Any CPU
		{7FF65787-F462-4204-BB9D-60B0D1BB6CC1}.Verify|Any CPU.Build.0 = Verify|Any CPU
	EndGlobalSection
	GlobalSection(SolutionProperties) = preSolution
		HideSolutionNode = FALSE
	EndGlobalSection
	GlobalSection(ExtensibilityGlobals) = postSolution
		SolutionGuid = {CD480EC8-B2F0-4B57-9AD1-7149F8E2EBF9}
	EndGlobalSection
EndGlobal
