
Microsoft Visual Studio Solution File, Format Version 10.00
# Visual Studio 2008
Project("{FAE04EC0-301F-11D3-BF4B-00C04F79EFBC}") = "AutoFixture", "AutoFixture\AutoFixture.csproj", "{400AC174-9A4A-4C7D-815B-F2A21130A0D1}"
EndProject
Project("{FAE04EC0-301F-11D3-BF4B-00C04F79EFBC}") = "AutoFixtureUnitTest", "AutoFixtureUnitTest\AutoFixtureUnitTest.csproj", "{01C86B79-C79F-4EC4-B32E-DA5467DBBD31}"
EndProject
Project("{FAE04EC0-301F-11D3-BF4B-00C04F79EFBC}") = "TestTypeFoundation", "TestTypeFoundation\TestTypeFoundation.csproj", "{7FF65787-F462-4204-BB9D-60B0D1BB6CC1}"
EndProject
Project("{FAE04EC0-301F-11D3-BF4B-00C04F79EFBC}") = "AutoFixture.xUnit.net.UnitTest", "AutoFixture.xUnit.net.UnitTest\AutoFixture.xUnit.net.UnitTest.csproj", "{14FADDF9-F0D2-4BD4-B285-FDDAB5762CC4}"
EndProject
Project("{FAE04EC0-301F-11D3-BF4B-00C04F79EFBC}") = "AutoFixture.xUnit.net", "AutoFixture.xUnit.net\AutoFixture.xUnit.net.csproj", "{266B9F0E-28E5-47CA-9816-ACB6737E7E4D}"
EndProject
Global
	GlobalSection(SolutionConfigurationPlatforms) = preSolution
		Debug|Any CPU = Debug|Any CPU
		Release|Any CPU = Release|Any CPU
		Verify|Any CPU = Verify|Any CPU
	EndGlobalSection
	GlobalSection(ProjectConfigurationPlatforms) = postSolution
		{400AC174-9A4A-4C7D-815B-F2A21130A0D1}.Debug|Any CPU.ActiveCfg = Debug|Any CPU
		{400AC174-9A4A-4C7D-815B-F2A21130A0D1}.Debug|Any CPU.Build.0 = Debug|Any CPU
		{400AC174-9A4A-4C7D-815B-F2A21130A0D1}.Release|Any CPU.ActiveCfg = Release|Any CPU
		{400AC174-9A4A-4C7D-815B-F2A21130A0D1}.Release|Any CPU.Build.0 = Release|Any CPU
		{400AC174-9A4A-4C7D-815B-F2A21130A0D1}.Verify|Any CPU.ActiveCfg = Verify|Any CPU
		{400AC174-9A4A-4C7D-815B-F2A21130A0D1}.Verify|Any CPU.Build.0 = Verify|Any CPU
		{01C86B79-C79F-4EC4-B32E-DA5467DBBD31}.Debug|Any CPU.ActiveCfg = Debug|Any CPU
		{01C86B79-C79F-4EC4-B32E-DA5467DBBD31}.Debug|Any CPU.Build.0 = Debug|Any CPU
		{01C86B79-C79F-4EC4-B32E-DA5467DBBD31}.Release|Any CPU.ActiveCfg = Release|Any CPU
		{01C86B79-C79F-4EC4-B32E-DA5467DBBD31}.Release|Any CPU.Build.0 = Release|Any CPU
		{01C86B79-C79F-4EC4-B32E-DA5467DBBD31}.Verify|Any CPU.ActiveCfg = Verify|Any CPU
		{01C86B79-C79F-4EC4-B32E-DA5467DBBD31}.Verify|Any CPU.Build.0 = Verify|Any CPU
		{7FF65787-F462-4204-BB9D-60B0D1BB6CC1}.Debug|Any CPU.ActiveCfg = Debug|Any CPU
		{7FF65787-F462-4204-BB9D-60B0D1BB6CC1}.Debug|Any CPU.Build.0 = Debug|Any CPU
		{7FF65787-F462-4204-BB9D-60B0D1BB6CC1}.Release|Any CPU.ActiveCfg = Release|Any CPU
		{7FF65787-F462-4204-BB9D-60B0D1BB6CC1}.Release|Any CPU.Build.0 = Release|Any CPU
		{7FF65787-F462-4204-BB9D-60B0D1BB6CC1}.Verify|Any CPU.ActiveCfg = Release|Any CPU
		{7FF65787-F462-4204-BB9D-60B0D1BB6CC1}.Verify|Any CPU.Build.0 = Release|Any CPU
		{14FADDF9-F0D2-4BD4-B285-FDDAB5762CC4}.Debug|Any CPU.ActiveCfg = Debug|Any CPU
		{14FADDF9-F0D2-4BD4-B285-FDDAB5762CC4}.Debug|Any CPU.Build.0 = Debug|Any CPU
		{14FADDF9-F0D2-4BD4-B285-FDDAB5762CC4}.Release|Any CPU.ActiveCfg = Release|Any CPU
		{14FADDF9-F0D2-4BD4-B285-FDDAB5762CC4}.Release|Any CPU.Build.0 = Release|Any CPU
		{14FADDF9-F0D2-4BD4-B285-FDDAB5762CC4}.Verify|Any CPU.ActiveCfg = Release|Any CPU
		{14FADDF9-F0D2-4BD4-B285-FDDAB5762CC4}.Verify|Any CPU.Build.0 = Release|Any CPU
		{266B9F0E-28E5-47CA-9816-ACB6737E7E4D}.Debug|Any CPU.ActiveCfg = Debug|Any CPU
		{266B9F0E-28E5-47CA-9816-ACB6737E7E4D}.Debug|Any CPU.Build.0 = Debug|Any CPU
		{266B9F0E-28E5-47CA-9816-ACB6737E7E4D}.Release|Any CPU.ActiveCfg = Release|Any CPU
		{266B9F0E-28E5-47CA-9816-ACB6737E7E4D}.Release|Any CPU.Build.0 = Release|Any CPU
		{266B9F0E-28E5-47CA-9816-ACB6737E7E4D}.Verify|Any CPU.ActiveCfg = Verify|Any CPU
		{266B9F0E-28E5-47CA-9816-ACB6737E7E4D}.Verify|Any CPU.Build.0 = Verify|Any CPU
	EndGlobalSection
	GlobalSection(SolutionProperties) = preSolution
		HideSolutionNode = FALSE
	EndGlobalSection
EndGlobal
