
Microsoft Visual Studio Solution File, Format Version 12.00
# Visual Studio 15
VisualStudioVersion = 15.0.26730.15
MinimumVisualStudioVersion = 10.0.40219.1
Project("{9A19103F-16F7-4668-BE54-9A1E7A4F7556}") = "IdiomsUnitTest", "IdiomsUnitTest\IdiomsUnitTest.csproj", "{730E1D38-BA80-48C7-B05C-E2BD29F38851}"
EndProject
Project("{9A19103F-16F7-4668-BE54-9A1E7A4F7556}") = "Idioms", "Idioms\Idioms.csproj", "{35DE0E35-4E3A-46D7-B175-80CA10276BE7}"
EndProject
Project("{9A19103F-16F7-4668-BE54-9A1E7A4F7556}") = "AutoFixtureUnitTest", "AutoFixtureUnitTest\AutoFixtureUnitTest.csproj", "{01C86B79-C79F-4EC4-B32E-DA5467DBBD31}"
EndProject
Project("{9A19103F-16F7-4668-BE54-9A1E7A4F7556}") = "AutoFixture", "AutoFixture\AutoFixture.csproj", "{400AC174-9A4A-4C7D-815B-F2A21130A0D1}"
EndProject
Project("{9A19103F-16F7-4668-BE54-9A1E7A4F7556}") = "TestTypeFoundation", "TestTypeFoundation\TestTypeFoundation.csproj", "{7FF65787-F462-4204-BB9D-60B0D1BB6CC1}"
EndProject
Project("{6EC3EE1D-3C4E-46DD-8F32-0CC8E7565705}") = "Idioms.FsCheck", "Idioms.FsCheck\Idioms.FsCheck.fsproj", "{DCAAF1DB-BEA0-4A6F-8F67-A35A9891A7A9}"
EndProject
Project("{6EC3EE1D-3C4E-46DD-8F32-0CC8E7565705}") = "Idioms.FsCheckUnitTest", "Idioms.FsCheckUnitTest\Idioms.FsCheckUnitTest.fsproj", "{B3CE0FC0-BB92-47F3-B43E-92B87F7956B8}"
EndProject
Project("{6EC3EE1D-3C4E-46DD-8F32-0CC8E7565705}") = "Idioms.FsCheck.FsCheck1UnitTest", "Idioms.FsCheck.FsCheck1UnitTest\Idioms.FsCheck.FsCheck1UnitTest.fsproj", "{7D094E6B-4C40-47CB-91B4-A6C47DAE7366}"
EndProject
Project("{6EC3EE1D-3C4E-46DD-8F32-0CC8E7565705}") = "Idioms.FsCheck.FsCheck2UnitTest", "Idioms.FsCheck.FsCheck2UnitTest\Idioms.FsCheck.FsCheck2UnitTest.fsproj", "{BC4451C6-EAD4-43E6-A1EC-CAA88CCABD4A}"
EndProject
Global
	GlobalSection(SolutionConfigurationPlatforms) = preSolution
		Debug|Any CPU = Debug|Any CPU
		Release|Any CPU = Release|Any CPU
		Verify|Any CPU = Verify|Any CPU
	EndGlobalSection
	GlobalSection(ProjectConfigurationPlatforms) = postSolution
		{730E1D38-BA80-48C7-B05C-E2BD29F38851}.Debug|Any CPU.ActiveCfg = Debug|Any CPU
		{730E1D38-BA80-48C7-B05C-E2BD29F38851}.Debug|Any CPU.Build.0 = Debug|Any CPU
		{730E1D38-BA80-48C7-B05C-E2BD29F38851}.Release|Any CPU.ActiveCfg = Release|Any CPU
		{730E1D38-BA80-48C7-B05C-E2BD29F38851}.Release|Any CPU.Build.0 = Release|Any CPU
		{730E1D38-BA80-48C7-B05C-E2BD29F38851}.Verify|Any CPU.ActiveCfg = Verify|Any CPU
		{730E1D38-BA80-48C7-B05C-E2BD29F38851}.Verify|Any CPU.Build.0 = Verify|Any CPU
		{35DE0E35-4E3A-46D7-B175-80CA10276BE7}.Debug|Any CPU.ActiveCfg = Debug|Any CPU
		{35DE0E35-4E3A-46D7-B175-80CA10276BE7}.Debug|Any CPU.Build.0 = Debug|Any CPU
		{35DE0E35-4E3A-46D7-B175-80CA10276BE7}.Release|Any CPU.ActiveCfg = Release|Any CPU
		{35DE0E35-4E3A-46D7-B175-80CA10276BE7}.Release|Any CPU.Build.0 = Release|Any CPU
		{35DE0E35-4E3A-46D7-B175-80CA10276BE7}.Verify|Any CPU.ActiveCfg = Verify|Any CPU
		{35DE0E35-4E3A-46D7-B175-80CA10276BE7}.Verify|Any CPU.Build.0 = Verify|Any CPU
		{01C86B79-C79F-4EC4-B32E-DA5467DBBD31}.Debug|Any CPU.ActiveCfg = Debug|Any CPU
		{01C86B79-C79F-4EC4-B32E-DA5467DBBD31}.Debug|Any CPU.Build.0 = Debug|Any CPU
		{01C86B79-C79F-4EC4-B32E-DA5467DBBD31}.Release|Any CPU.ActiveCfg = Release|Any CPU
		{01C86B79-C79F-4EC4-B32E-DA5467DBBD31}.Release|Any CPU.Build.0 = Release|Any CPU
		{01C86B79-C79F-4EC4-B32E-DA5467DBBD31}.Verify|Any CPU.ActiveCfg = Verify|Any CPU
		{01C86B79-C79F-4EC4-B32E-DA5467DBBD31}.Verify|Any CPU.Build.0 = Verify|Any CPU
		{400AC174-9A4A-4C7D-815B-F2A21130A0D1}.Debug|Any CPU.ActiveCfg = Debug|Any CPU
		{400AC174-9A4A-4C7D-815B-F2A21130A0D1}.Debug|Any CPU.Build.0 = Debug|Any CPU
		{400AC174-9A4A-4C7D-815B-F2A21130A0D1}.Release|Any CPU.ActiveCfg = Release|Any CPU
		{400AC174-9A4A-4C7D-815B-F2A21130A0D1}.Release|Any CPU.Build.0 = Release|Any CPU
		{400AC174-9A4A-4C7D-815B-F2A21130A0D1}.Verify|Any CPU.ActiveCfg = Verify|Any CPU
		{400AC174-9A4A-4C7D-815B-F2A21130A0D1}.Verify|Any CPU.Build.0 = Verify|Any CPU
		{7FF65787-F462-4204-BB9D-60B0D1BB6CC1}.Debug|Any CPU.ActiveCfg = Debug|Any CPU
		{7FF65787-F462-4204-BB9D-60B0D1BB6CC1}.Debug|Any CPU.Build.0 = Debug|Any CPU
		{7FF65787-F462-4204-BB9D-60B0D1BB6CC1}.Release|Any CPU.ActiveCfg = Release|Any CPU
		{7FF65787-F462-4204-BB9D-60B0D1BB6CC1}.Release|Any CPU.Build.0 = Release|Any CPU
		{7FF65787-F462-4204-BB9D-60B0D1BB6CC1}.Verify|Any CPU.ActiveCfg = Verify|Any CPU
		{7FF65787-F462-4204-BB9D-60B0D1BB6CC1}.Verify|Any CPU.Build.0 = Verify|Any CPU
		{DCAAF1DB-BEA0-4A6F-8F67-A35A9891A7A9}.Debug|Any CPU.ActiveCfg = Debug|Any CPU
		{DCAAF1DB-BEA0-4A6F-8F67-A35A9891A7A9}.Debug|Any CPU.Build.0 = Debug|Any CPU
		{DCAAF1DB-BEA0-4A6F-8F67-A35A9891A7A9}.Release|Any CPU.ActiveCfg = Release|Any CPU
		{DCAAF1DB-BEA0-4A6F-8F67-A35A9891A7A9}.Release|Any CPU.Build.0 = Release|Any CPU
		{DCAAF1DB-BEA0-4A6F-8F67-A35A9891A7A9}.Verify|Any CPU.ActiveCfg = Verify|Any CPU
		{DCAAF1DB-BEA0-4A6F-8F67-A35A9891A7A9}.Verify|Any CPU.Build.0 = Verify|Any CPU
		{B3CE0FC0-BB92-47F3-B43E-92B87F7956B8}.Debug|Any CPU.ActiveCfg = Debug|Any CPU
		{B3CE0FC0-BB92-47F3-B43E-92B87F7956B8}.Debug|Any CPU.Build.0 = Debug|Any CPU
		{B3CE0FC0-BB92-47F3-B43E-92B87F7956B8}.Release|Any CPU.ActiveCfg = Release|Any CPU
		{B3CE0FC0-BB92-47F3-B43E-92B87F7956B8}.Release|Any CPU.Build.0 = Release|Any CPU
		{B3CE0FC0-BB92-47F3-B43E-92B87F7956B8}.Verify|Any CPU.ActiveCfg = Verify|Any CPU
		{B3CE0FC0-BB92-47F3-B43E-92B87F7956B8}.Verify|Any CPU.Build.0 = Verify|Any CPU
		{7D094E6B-4C40-47CB-91B4-A6C47DAE7366}.Debug|Any CPU.ActiveCfg = Debug|Any CPU
		{7D094E6B-4C40-47CB-91B4-A6C47DAE7366}.Debug|Any CPU.Build.0 = Debug|Any CPU
		{7D094E6B-4C40-47CB-91B4-A6C47DAE7366}.Release|Any CPU.ActiveCfg = Release|Any CPU
		{7D094E6B-4C40-47CB-91B4-A6C47DAE7366}.Release|Any CPU.Build.0 = Release|Any CPU
		{7D094E6B-4C40-47CB-91B4-A6C47DAE7366}.Verify|Any CPU.ActiveCfg = Verify|Any CPU
		{7D094E6B-4C40-47CB-91B4-A6C47DAE7366}.Verify|Any CPU.Build.0 = Verify|Any CPU
		{BC4451C6-EAD4-43E6-A1EC-CAA88CCABD4A}.Debug|Any CPU.ActiveCfg = Debug|Any CPU
		{BC4451C6-EAD4-43E6-A1EC-CAA88CCABD4A}.Debug|Any CPU.Build.0 = Debug|Any CPU
		{BC4451C6-EAD4-43E6-A1EC-CAA88CCABD4A}.Release|Any CPU.ActiveCfg = Release|Any CPU
		{BC4451C6-EAD4-43E6-A1EC-CAA88CCABD4A}.Release|Any CPU.Build.0 = Release|Any CPU
		{BC4451C6-EAD4-43E6-A1EC-CAA88CCABD4A}.Verify|Any CPU.ActiveCfg = Verify|Any CPU
		{BC4451C6-EAD4-43E6-A1EC-CAA88CCABD4A}.Verify|Any CPU.Build.0 = Verify|Any CPU
	EndGlobalSection
	GlobalSection(SolutionProperties) = preSolution
		HideSolutionNode = FALSE
	EndGlobalSection
	GlobalSection(ExtensibilityGlobals) = postSolution
		SolutionGuid = {1CD23C3D-36BA-4618-BF7E-FBC0399C2ECD}
	EndGlobalSection
EndGlobal
